
Microsoft Visual Studio Solution File, Format Version 12.00
# Visual Studio Version 17
VisualStudioVersion = 17.2.32630.192
MinimumVisualStudioVersion = 10.0.40219.1
Project("{9A19103F-16F7-4668-BE54-9A1E7A4F7556}") = "CSF.Core", "src\CSF.Core\CSF.Core.csproj", "{A06BC4BA-8D5F-43C5-8959-53BF6F0A0CAF}"
EndProject
Project("{9A19103F-16F7-4668-BE54-9A1E7A4F7556}") = "CSF.Tests.Console", "src\CSF.Tests.Console\CSF.Tests.Console.csproj", "{A70E8C5D-0209-433B-9AB7-9C05C0DA04E3}"
EndProject
Project("{9A19103F-16F7-4668-BE54-9A1E7A4F7556}") = "CSF.Tests.TShock", "src\CSF.Tests.TShock\CSF.Tests.TShock.csproj", "{10058F39-52CB-44D6-AD8B-597F34B50B45}"
EndProject
Project("{9A19103F-16F7-4668-BE54-9A1E7A4F7556}") = "CSF.Samples.TShock5", "examples\CSF.Samples.TShock5\CSF.Samples.TShock5.csproj", "{B868198E-67C3-4AFB-8D19-48034E1156FC}"
EndProject
Project("{9A19103F-16F7-4668-BE54-9A1E7A4F7556}") = "CSF.Samples.Console", "examples\CSF.Samples.Console\CSF.Samples.Console.csproj", "{19F7A07B-7349-4AA5-A9CC-58F1002DFED6}"
EndProject
Project("{9A19103F-16F7-4668-BE54-9A1E7A4F7556}") = "CSF.TShock", "src\CSF.TShock\CSF.TShock.csproj", "{CA734A9C-2E3A-4E61-8CD0-0476AD88F94C}"
EndProject
Project("{9A19103F-16F7-4668-BE54-9A1E7A4F7556}") = "CSF.Spectre", "src\CSF.Spectre\CSF.Spectre.csproj", "{924925E1-0AE5-4B5A-B736-EB09EF5BDB60}"
EndProject
Project("{2150E333-8FDC-42A3-9474-1A3956D46DE8}") = "Tests", "Tests", "{DA6771C2-541A-46E0-AF1A-B4256FF4CB5E}"
EndProject
Project("{2150E333-8FDC-42A3-9474-1A3956D46DE8}") = "Samples", "Samples", "{01CCF11A-2D95-44C9-81EA-EE7D6A36FE7A}"
EndProject
Project("{9A19103F-16F7-4668-BE54-9A1E7A4F7556}") = "CSF.Hosting", "src\CSF.Hosting\CSF.Hosting.csproj", "{BD637AD8-B1B6-4C4E-9C28-FEF0B2824B20}"
EndProject
Project("{9A19103F-16F7-4668-BE54-9A1E7A4F7556}") = "CSF.Tests.Hosting", "src\CSF.Tests.Hosting\CSF.Tests.Hosting.csproj", "{DC2807A7-F45F-422F-A9CB-75E1CC0A9978}"
EndProject
Project("{9A19103F-16F7-4668-BE54-9A1E7A4F7556}") = "CSF.Samples.Hosting", "examples\CSF.Samples.Hosting\CSF.Samples.Hosting.csproj", "{D99DCD40-8A42-42F5-8385-88EDF87057CC}"
EndProject
Global
	GlobalSection(SolutionConfigurationPlatforms) = preSolution
		Debug|Any CPU = Debug|Any CPU
		Release|Any CPU = Release|Any CPU
	EndGlobalSection
	GlobalSection(ProjectConfigurationPlatforms) = postSolution
		{A06BC4BA-8D5F-43C5-8959-53BF6F0A0CAF}.Debug|Any CPU.ActiveCfg = Debug|Any CPU
		{A06BC4BA-8D5F-43C5-8959-53BF6F0A0CAF}.Debug|Any CPU.Build.0 = Debug|Any CPU
		{A06BC4BA-8D5F-43C5-8959-53BF6F0A0CAF}.Release|Any CPU.ActiveCfg = Release|Any CPU
		{A06BC4BA-8D5F-43C5-8959-53BF6F0A0CAF}.Release|Any CPU.Build.0 = Release|Any CPU
		{A70E8C5D-0209-433B-9AB7-9C05C0DA04E3}.Debug|Any CPU.ActiveCfg = Debug|Any CPU
		{A70E8C5D-0209-433B-9AB7-9C05C0DA04E3}.Debug|Any CPU.Build.0 = Debug|Any CPU
		{A70E8C5D-0209-433B-9AB7-9C05C0DA04E3}.Release|Any CPU.ActiveCfg = Release|Any CPU
		{A70E8C5D-0209-433B-9AB7-9C05C0DA04E3}.Release|Any CPU.Build.0 = Release|Any CPU
		{10058F39-52CB-44D6-AD8B-597F34B50B45}.Debug|Any CPU.ActiveCfg = Debug|Any CPU
		{10058F39-52CB-44D6-AD8B-597F34B50B45}.Debug|Any CPU.Build.0 = Debug|Any CPU
		{10058F39-52CB-44D6-AD8B-597F34B50B45}.Release|Any CPU.ActiveCfg = Release|Any CPU
		{10058F39-52CB-44D6-AD8B-597F34B50B45}.Release|Any CPU.Build.0 = Release|Any CPU
		{B868198E-67C3-4AFB-8D19-48034E1156FC}.Debug|Any CPU.ActiveCfg = Debug|Any CPU
		{B868198E-67C3-4AFB-8D19-48034E1156FC}.Debug|Any CPU.Build.0 = Debug|Any CPU
		{B868198E-67C3-4AFB-8D19-48034E1156FC}.Release|Any CPU.ActiveCfg = Release|Any CPU
		{B868198E-67C3-4AFB-8D19-48034E1156FC}.Release|Any CPU.Build.0 = Release|Any CPU
		{19F7A07B-7349-4AA5-A9CC-58F1002DFED6}.Debug|Any CPU.ActiveCfg = Debug|Any CPU
		{19F7A07B-7349-4AA5-A9CC-58F1002DFED6}.Debug|Any CPU.Build.0 = Debug|Any CPU
		{19F7A07B-7349-4AA5-A9CC-58F1002DFED6}.Release|Any CPU.ActiveCfg = Release|Any CPU
		{19F7A07B-7349-4AA5-A9CC-58F1002DFED6}.Release|Any CPU.Build.0 = Release|Any CPU
		{CA734A9C-2E3A-4E61-8CD0-0476AD88F94C}.Debug|Any CPU.ActiveCfg = Debug|Any CPU
		{CA734A9C-2E3A-4E61-8CD0-0476AD88F94C}.Debug|Any CPU.Build.0 = Debug|Any CPU
		{CA734A9C-2E3A-4E61-8CD0-0476AD88F94C}.Release|Any CPU.ActiveCfg = Release|Any CPU
		{CA734A9C-2E3A-4E61-8CD0-0476AD88F94C}.Release|Any CPU.Build.0 = Release|Any CPU
		{924925E1-0AE5-4B5A-B736-EB09EF5BDB60}.Debug|Any CPU.ActiveCfg = Debug|Any CPU
		{924925E1-0AE5-4B5A-B736-EB09EF5BDB60}.Debug|Any CPU.Build.0 = Debug|Any CPU
		{924925E1-0AE5-4B5A-B736-EB09EF5BDB60}.Release|Any CPU.ActiveCfg = Release|Any CPU
		{924925E1-0AE5-4B5A-B736-EB09EF5BDB60}.Release|Any CPU.Build.0 = Release|Any CPU
		{BD637AD8-B1B6-4C4E-9C28-FEF0B2824B20}.Debug|Any CPU.ActiveCfg = Debug|Any CPU
		{BD637AD8-B1B6-4C4E-9C28-FEF0B2824B20}.Debug|Any CPU.Build.0 = Debug|Any CPU
		{BD637AD8-B1B6-4C4E-9C28-FEF0B2824B20}.Release|Any CPU.ActiveCfg = Release|Any CPU
		{BD637AD8-B1B6-4C4E-9C28-FEF0B2824B20}.Release|Any CPU.Build.0 = Release|Any CPU
		{DC2807A7-F45F-422F-A9CB-75E1CC0A9978}.Debug|Any CPU.ActiveCfg = Debug|Any CPU
		{DC2807A7-F45F-422F-A9CB-75E1CC0A9978}.Debug|Any CPU.Build.0 = Debug|Any CPU
		{DC2807A7-F45F-422F-A9CB-75E1CC0A9978}.Release|Any CPU.ActiveCfg = Release|Any CPU
		{DC2807A7-F45F-422F-A9CB-75E1CC0A9978}.Release|Any CPU.Build.0 = Release|Any CPU
		{D99DCD40-8A42-42F5-8385-88EDF87057CC}.Debug|Any CPU.ActiveCfg = Debug|Any CPU
		{D99DCD40-8A42-42F5-8385-88EDF87057CC}.Debug|Any CPU.Build.0 = Debug|Any CPU
		{D99DCD40-8A42-42F5-8385-88EDF87057CC}.Release|Any CPU.ActiveCfg = Release|Any CPU
		{D99DCD40-8A42-42F5-8385-88EDF87057CC}.Release|Any CPU.Build.0 = Release|Any CPU
	EndGlobalSection
	GlobalSection(SolutionProperties) = preSolution
		HideSolutionNode = FALSE
	EndGlobalSection
	GlobalSection(NestedProjects) = preSolution
		{A70E8C5D-0209-433B-9AB7-9C05C0DA04E3} = {DA6771C2-541A-46E0-AF1A-B4256FF4CB5E}
		{10058F39-52CB-44D6-AD8B-597F34B50B45} = {DA6771C2-541A-46E0-AF1A-B4256FF4CB5E}
		{B868198E-67C3-4AFB-8D19-48034E1156FC} = {01CCF11A-2D95-44C9-81EA-EE7D6A36FE7A}
		{19F7A07B-7349-4AA5-A9CC-58F1002DFED6} = {01CCF11A-2D95-44C9-81EA-EE7D6A36FE7A}
		{DC2807A7-F45F-422F-A9CB-75E1CC0A9978} = {DA6771C2-541A-46E0-AF1A-B4256FF4CB5E}
		{D99DCD40-8A42-42F5-8385-88EDF87057CC} = {01CCF11A-2D95-44C9-81EA-EE7D6A36FE7A}
	EndGlobalSection
	GlobalSection(ExtensibilityGlobals) = postSolution
		SolutionGuid = {C9CE5996-C6A9-442C-8808-490D2FA61458}
	EndGlobalSection
EndGlobal
