
Microsoft Visual Studio Solution File, Format Version 12.00
# Visual Studio Version 17
VisualStudioVersion = 17.2.32630.192
MinimumVisualStudioVersion = 10.0.40219.1
Project("{9A19103F-16F7-4668-BE54-9A1E7A4F7556}") = "CSF", "src\Core\CSF\CSF.csproj", "{A06BC4BA-8D5F-43C5-8959-53BF6F0A0CAF}"
EndProject
Project("{9A19103F-16F7-4668-BE54-9A1E7A4F7556}") = "CSF.Tests", "src\Tests\CSF.Tests\CSF.Tests.csproj", "{A70E8C5D-0209-433B-9AB7-9C05C0DA04E3}"
EndProject
Project("{FAE04EC0-301F-11D3-BF4B-00C04F79EFBC}") = "CSF.Samples.TShock4", "examples\CSF.Samples.TShock4\CSF.Samples.TShock4.csproj", "{30B695C5-3AFF-46DB-A514-9B81B3013DE1}"
EndProject
Project("{9A19103F-16F7-4668-BE54-9A1E7A4F7556}") = "CSF.Samples.TShock5", "examples\CSF.Samples.TShock5\CSF.Samples.TShock5.csproj", "{B868198E-67C3-4AFB-8D19-48034E1156FC}"
EndProject
Project("{9A19103F-16F7-4668-BE54-9A1E7A4F7556}") = "CSF.Samples.Console", "examples\CSF.Samples.Console\CSF.Samples.Console.csproj", "{19F7A07B-7349-4AA5-A9CC-58F1002DFED6}"
EndProject
Project("{9A19103F-16F7-4668-BE54-9A1E7A4F7556}") = "CSF.TShock", "src\Extensions\CSF.TShock\CSF.TShock.csproj", "{CA734A9C-2E3A-4E61-8CD0-0476AD88F94C}"
EndProject
Project("{9A19103F-16F7-4668-BE54-9A1E7A4F7556}") = "CSF.Spectre", "src\Extensions\CSF.Spectre\CSF.Spectre.csproj", "{924925E1-0AE5-4B5A-B736-EB09EF5BDB60}"
EndProject
Project("{2150E333-8FDC-42A3-9474-1A3956D46DE8}") = "Samples", "Samples", "{C0CBE20E-B609-4098-B98A-F2F2E3C1914E}"
EndProject
Project("{2150E333-8FDC-42A3-9474-1A3956D46DE8}") = "Extensions", "Extensions", "{B5A87F72-046D-43A4-802B-C57BBD50A261}"
EndProject
Global
	GlobalSection(SolutionConfigurationPlatforms) = preSolution
		Debug|Any CPU = Debug|Any CPU
		Release|Any CPU = Release|Any CPU
	EndGlobalSection
	GlobalSection(ProjectConfigurationPlatforms) = postSolution
		{A06BC4BA-8D5F-43C5-8959-53BF6F0A0CAF}.Debug|Any CPU.ActiveCfg = Debug|Any CPU
		{A06BC4BA-8D5F-43C5-8959-53BF6F0A0CAF}.Debug|Any CPU.Build.0 = Debug|Any CPU
		{A06BC4BA-8D5F-43C5-8959-53BF6F0A0CAF}.Release|Any CPU.ActiveCfg = Release|Any CPU
		{A06BC4BA-8D5F-43C5-8959-53BF6F0A0CAF}.Release|Any CPU.Build.0 = Release|Any CPU
		{A70E8C5D-0209-433B-9AB7-9C05C0DA04E3}.Debug|Any CPU.ActiveCfg = Debug|Any CPU
		{A70E8C5D-0209-433B-9AB7-9C05C0DA04E3}.Debug|Any CPU.Build.0 = Debug|Any CPU
		{A70E8C5D-0209-433B-9AB7-9C05C0DA04E3}.Release|Any CPU.ActiveCfg = Release|Any CPU
		{A70E8C5D-0209-433B-9AB7-9C05C0DA04E3}.Release|Any CPU.Build.0 = Release|Any CPU
		{30B695C5-3AFF-46DB-A514-9B81B3013DE1}.Debug|Any CPU.ActiveCfg = Debug|Any CPU
		{30B695C5-3AFF-46DB-A514-9B81B3013DE1}.Debug|Any CPU.Build.0 = Debug|Any CPU
		{30B695C5-3AFF-46DB-A514-9B81B3013DE1}.Release|Any CPU.ActiveCfg = Release|Any CPU
		{30B695C5-3AFF-46DB-A514-9B81B3013DE1}.Release|Any CPU.Build.0 = Release|Any CPU
		{B868198E-67C3-4AFB-8D19-48034E1156FC}.Debug|Any CPU.ActiveCfg = Debug|Any CPU
		{B868198E-67C3-4AFB-8D19-48034E1156FC}.Debug|Any CPU.Build.0 = Debug|Any CPU
		{B868198E-67C3-4AFB-8D19-48034E1156FC}.Release|Any CPU.ActiveCfg = Release|Any CPU
		{B868198E-67C3-4AFB-8D19-48034E1156FC}.Release|Any CPU.Build.0 = Release|Any CPU
		{19F7A07B-7349-4AA5-A9CC-58F1002DFED6}.Debug|Any CPU.ActiveCfg = Debug|Any CPU
		{19F7A07B-7349-4AA5-A9CC-58F1002DFED6}.Debug|Any CPU.Build.0 = Debug|Any CPU
		{19F7A07B-7349-4AA5-A9CC-58F1002DFED6}.Release|Any CPU.ActiveCfg = Release|Any CPU
		{19F7A07B-7349-4AA5-A9CC-58F1002DFED6}.Release|Any CPU.Build.0 = Release|Any CPU
		{CA734A9C-2E3A-4E61-8CD0-0476AD88F94C}.Debug|Any CPU.ActiveCfg = Debug|Any CPU
		{CA734A9C-2E3A-4E61-8CD0-0476AD88F94C}.Debug|Any CPU.Build.0 = Debug|Any CPU
		{CA734A9C-2E3A-4E61-8CD0-0476AD88F94C}.Release|Any CPU.ActiveCfg = Release|Any CPU
		{CA734A9C-2E3A-4E61-8CD0-0476AD88F94C}.Release|Any CPU.Build.0 = Release|Any CPU
		{924925E1-0AE5-4B5A-B736-EB09EF5BDB60}.Debug|Any CPU.ActiveCfg = Debug|Any CPU
		{924925E1-0AE5-4B5A-B736-EB09EF5BDB60}.Debug|Any CPU.Build.0 = Debug|Any CPU
		{924925E1-0AE5-4B5A-B736-EB09EF5BDB60}.Release|Any CPU.ActiveCfg = Release|Any CPU
		{924925E1-0AE5-4B5A-B736-EB09EF5BDB60}.Release|Any CPU.Build.0 = Release|Any CPU
	EndGlobalSection
	GlobalSection(SolutionProperties) = preSolution
		HideSolutionNode = FALSE
	EndGlobalSection
	GlobalSection(NestedProjects) = preSolution
		{30B695C5-3AFF-46DB-A514-9B81B3013DE1} = {C0CBE20E-B609-4098-B98A-F2F2E3C1914E}
		{B868198E-67C3-4AFB-8D19-48034E1156FC} = {C0CBE20E-B609-4098-B98A-F2F2E3C1914E}
		{19F7A07B-7349-4AA5-A9CC-58F1002DFED6} = {C0CBE20E-B609-4098-B98A-F2F2E3C1914E}
		{CA734A9C-2E3A-4E61-8CD0-0476AD88F94C} = {B5A87F72-046D-43A4-802B-C57BBD50A261}
		{924925E1-0AE5-4B5A-B736-EB09EF5BDB60} = {B5A87F72-046D-43A4-802B-C57BBD50A261}
	EndGlobalSection
	GlobalSection(ExtensibilityGlobals) = postSolution
		SolutionGuid = {C9CE5996-C6A9-442C-8808-490D2FA61458}
	EndGlobalSection
EndGlobal
